
Microsoft Visual Studio Solution File, Format Version 12.00
# Visual Studio Version 17
VisualStudioVersion = 17.7.34202.233
MinimumVisualStudioVersion = 10.0.40219.1
Project("{FAE04EC0-301F-11D3-BF4B-00C04F79EFBC}") = "E-Ticket", "E-Ticket\E-Ticket.csproj", "{44576300-ADC6-4295-81D8-90FF50C2CF05}"
EndProject
Global
	GlobalSection(SolutionConfigurationPlatforms) = preSolution
		Debug|Any CPU = Debug|Any CPU
		Release|Any CPU = Release|Any CPU
	EndGlobalSection
	GlobalSection(ProjectConfigurationPlatforms) = postSolution
		{44576300-ADC6-4295-81D8-90FF50C2CF05}.Debug|Any CPU.ActiveCfg = Debug|Any CPU
		{44576300-ADC6-4295-81D8-90FF50C2CF05}.Debug|Any CPU.Build.0 = Debug|Any CPU
		{44576300-ADC6-4295-81D8-90FF50C2CF05}.Release|Any CPU.ActiveCfg = Release|Any CPU
		{44576300-ADC6-4295-81D8-90FF50C2CF05}.Release|Any CPU.Build.0 = Release|Any CPU
	EndGlobalSection
	GlobalSection(SolutionProperties) = preSolution
		HideSolutionNode = FALSE
	EndGlobalSection
	GlobalSection(ExtensibilityGlobals) = postSolution
		SolutionGuid = {3C3AAC8E-7066-46D3-86E2-F90E1CB0223F}
	EndGlobalSection
EndGlobal
